Microsoft Visual Studio Solution File, Format Version 12.00
# Visual Studio Version 17
VisualStudioVersion = 17.5.2.0
MinimumVisualStudioVersion = 10.0.40219.1
Project("{FAE04EC0-301F-11D3-BF4B-00C04F79EFBC}") = "NameBuilder", "NameBuilder.csproj", "{B69010EF-301A-18BD-6062-4C82F37F8951}"
EndProject
Global
	GlobalSection(SolutionConfigurationPlatforms) = preSolution
		Debug|Any CPU = Debug|Any CPU
		Release|Any CPU = Release|Any CPU
	EndGlobalSection
	GlobalSection(ProjectConfigurationPlatforms) = postSolution
		{B69010EF-301A-18BD-6062-4C82F37F8951}.Debug|Any CPU.ActiveCfg = Debug|Any CPU
		{B69010EF-301A-18BD-6062-4C82F37F8951}.Debug|Any CPU.Build.0 = Debug|Any CPU
		{B69010EF-301A-18BD-6062-4C82F37F8951}.Release|Any CPU.ActiveCfg = Release|Any CPU
		{B69010EF-301A-18BD-6062-4C82F37F8951}.Release|Any CPU.Build.0 = Release|Any CPU
	EndGlobalSection
	GlobalSection(SolutionProperties) = preSolution
		HideSolutionNode = FALSE
	EndGlobalSection
	GlobalSection(ExtensibilityGlobals) = postSolution
		SolutionGuid = {F9ADDE30-499F-4B69-9027-7366213CA6B5}
	EndGlobalSection
EndGlobal
